
Microsoft Visual Studio Solution File, Format Version 11.00
# Visual C++ Express 2010
Project("{7DACC1F7-3AA0-47CD-AA53-DF2FC2523B81}") = "blpapijs", "blpapijs.vcxproj", "{1E6F085F-4BBD-4138-A751-E3AA377C28FA}"
EndProject
Project("{49F967F7-3A1B-44A2-B0E6-4C9E44751553}") = "node", "%NODE_SRC%\Debug\node.exe", "{356EBC8D-6ADD-47D4-A0C9-27AEEBBA0915}"
	ProjectSection(DebuggerProjectSystem) = preProject
		PortSupplier = 00000000-0000-0000-0000-000000000000
		Executable = %NODE_SRC%\Debug\node.exe
		StartingDirectory = %NODE_SRC%\Debug
		Environment = Default
		LaunchingEngine = 00000000-0000-0000-0000-000000000000
		LaunchSQLEngine = No
		AttachLaunchAction = No
	EndProjectSection
EndProject
Global
	GlobalSection(SolutionConfigurationPlatforms) = preSolution
		Debug|Mixed Platforms = Debug|Mixed Platforms
		Debug|Win32 = Debug|Win32
		Debug|x86 = Debug|x86
		Release|Mixed Platforms = Release|Mixed Platforms
		Release|Win32 = Release|Win32
		Release|x86 = Release|x86
	EndGlobalSection
	GlobalSection(ProjectConfigurationPlatforms) = postSolution
		{1E6F085F-4BBD-4138-A751-E3AA377C28FA}.Debug|Mixed Platforms.ActiveCfg = Debug|Win32
		{1E6F085F-4BBD-4138-A751-E3AA377C28FA}.Debug|Mixed Platforms.Build.0 = Debug|Win32
		{1E6F085F-4BBD-4138-A751-E3AA377C28FA}.Debug|Win32.ActiveCfg = Debug|Win32
		{1E6F085F-4BBD-4138-A751-E3AA377C28FA}.Debug|Win32.Build.0 = Debug|Win32
		{1E6F085F-4BBD-4138-A751-E3AA377C28FA}.Debug|x86.ActiveCfg = Debug|Win32
		{1E6F085F-4BBD-4138-A751-E3AA377C28FA}.Release|Mixed Platforms.ActiveCfg = Release|Win32
		{1E6F085F-4BBD-4138-A751-E3AA377C28FA}.Release|Mixed Platforms.Build.0 = Release|Win32
		{1E6F085F-4BBD-4138-A751-E3AA377C28FA}.Release|Win32.ActiveCfg = Release|Win32
		{1E6F085F-4BBD-4138-A751-E3AA377C28FA}.Release|Win32.Build.0 = Release|Win32
		{1E6F085F-4BBD-4138-A751-E3AA377C28FA}.Release|x86.ActiveCfg = Release|Win32
		{356EBC8D-6ADD-47D4-A0C9-27AEEBBA0915}.Debug|Mixed Platforms.ActiveCfg = Debug|x86
		{356EBC8D-6ADD-47D4-A0C9-27AEEBBA0915}.Debug|Win32.ActiveCfg = Debug|x86
		{356EBC8D-6ADD-47D4-A0C9-27AEEBBA0915}.Debug|x86.ActiveCfg = Debug|x86
		{356EBC8D-6ADD-47D4-A0C9-27AEEBBA0915}.Release|Mixed Platforms.ActiveCfg = Debug|x86
		{356EBC8D-6ADD-47D4-A0C9-27AEEBBA0915}.Release|Win32.ActiveCfg = Debug|x86
		{356EBC8D-6ADD-47D4-A0C9-27AEEBBA0915}.Release|x86.ActiveCfg = Debug|x86
	EndGlobalSection
	GlobalSection(SolutionProperties) = preSolution
		HideSolutionNode = FALSE
	EndGlobalSection
EndGlobal
